// !$*UTF8*$!
{
	archiveVersion = 1;
	classes = {
	};
	objectVersion = 56;
	objects = {

/* Begin PBXBuildFile section */
		606D3E32298FDE9400A29672 /* RegisterViewController.swift in Sources */ = {isa = PBXBuildFile; fileRef = 606D3E31298FDE9400A29672 /* RegisterViewController.swift */; };
		606D3E34298FE59A00A29672 /* RegisterViewModel.swift in Sources */ = {isa = PBXBuildFile; fileRef = 606D3E33298FE59A00A29672 /* RegisterViewModel.swift */; };
		606D3E36298FF35800A29672 /* GoogleService-Info.plist in Resources */ = {isa = PBXBuildFile; fileRef = 606D3E35298FF35800A29672 /* GoogleService-Info.plist */; };
		606D3E39298FF55600A29672 /* FirebaseAuth in Frameworks */ = {isa = PBXBuildFile; productRef = 606D3E38298FF55600A29672 /* FirebaseAuth */; };
		606D3E3B298FF55600A29672 /* FirebaseDatabase in Frameworks */ = {isa = PBXBuildFile; productRef = 606D3E3A298FF55600A29672 /* FirebaseDatabase */; };
		606D3E3D298FF55600A29672 /* FirebaseFirestore in Frameworks */ = {isa = PBXBuildFile; productRef = 606D3E3C298FF55600A29672 /* FirebaseFirestore */; };
		606D3E3F298FF55600A29672 /* FirebaseStorage in Frameworks */ = {isa = PBXBuildFile; productRef = 606D3E3E298FF55600A29672 /* FirebaseStorage */; };
		60872F4D2990FEE700D8833B /* AuthenticationService.swift in Sources */ = {isa = PBXBuildFile; fileRef = 60872F4C2990FEE700D8833B /* AuthenticationService.swift */; };
		60872F51299107F300D8833B /* MainTabBarViewController.swift in Sources */ = {isa = PBXBuildFile; fileRef = 60872F50299107F300D8833B /* MainTabBarViewController.swift */; };
		60872F542991250400D8833B /* JGProgressHUD in Frameworks */ = {isa = PBXBuildFile; productRef = 60872F532991250400D8833B /* JGProgressHUD */; };
		60872F5629914B6800D8833B /* PastTaskViewController.swift in Sources */ = {isa = PBXBuildFile; fileRef = 60872F5529914B6800D8833B /* PastTaskViewController.swift */; };
		60872F5829914B9200D8833B /* ProfileViewController.swift in Sources */ = {isa = PBXBuildFile; fileRef = 60872F5729914B9200D8833B /* ProfileViewController.swift */; };
		60872F5A29914BB300D8833B /* TaskViewController.swift in Sources */ = {isa = PBXBuildFile; fileRef = 60872F5929914BB300D8833B /* TaskViewController.swift */; };
		60AE34692993E67D0070D469 /* TaskCell.swift in Sources */ = {isa = PBXBuildFile; fileRef = 60AE34682993E67D0070D469 /* TaskCell.swift */; };
		60AE346C2993E9A10070D469 /* User.swift in Sources */ = {isa = PBXBuildFile; fileRef = 60AE346B2993E9A10070D469 /* User.swift */; };
		60CF621F2992EE24009AE158 /* NewsTaskViewController.swift in Sources */ = {isa = PBXBuildFile; fileRef = 60CF621E2992EE24009AE158 /* NewsTaskViewController.swift */; };
		60CF62212992F92C009AE158 /* InputTextFields.swift in Sources */ = {isa = PBXBuildFile; fileRef = 60CF62202992F92C009AE158 /* InputTextFields.swift */; };
		60CF62232993172C009AE158 /* Service.swift in Sources */ = {isa = PBXBuildFile; fileRef = 60CF62222993172C009AE158 /* Service.swift */; };
		60F81453298EDFAC00E4C8CA /* AppDelegate.swift in Sources */ = {isa = PBXBuildFile; fileRef = 60F81452298EDFAC00E4C8CA /* AppDelegate.swift */; };
		60F81455298EDFAC00E4C8CA /* SceneDelegate.swift in Sources */ = {isa = PBXBuildFile; fileRef = 60F81454298EDFAC00E4C8CA /* SceneDelegate.swift */; };
		60F81457298EDFAC00E4C8CA /* LoginViewController.swift in Sources */ = {isa = PBXBuildFile; fileRef = 60F81456298EDFAC00E4C8CA /* LoginViewController.swift */; };
		60F8145C298EDFAD00E4C8CA /* Assets.xcassets in Resources */ = {isa = PBXBuildFile; fileRef = 60F8145B298EDFAD00E4C8CA /* Assets.xcassets */; };
		60F8145F298EDFAD00E4C8CA /* LaunchScreen.storyboard in Resources */ = {isa = PBXBuildFile; fileRef = 60F8145D298EDFAD00E4C8CA /* LaunchScreen.storyboard */; };
		60F8146A298EE25700E4C8CA /* extensions.swift in Sources */ = {isa = PBXBuildFile; fileRef = 60F81469298EE25700E4C8CA /* extensions.swift */; };
		60F8146D298EF6D500E4C8CA /* AuthenticationInputView.swift in Sources */ = {isa = PBXBuildFile; fileRef = 60F8146C298EF6D500E4C8CA /* AuthenticationInputView.swift */; };
		60F8146F298EF77300E4C8CA /* CustomTextField.swift in Sources */ = {isa = PBXBuildFile; fileRef = 60F8146E298EF77300E4C8CA /* CustomTextField.swift */; };
		60F81472298F032900E4C8CA /* LoginViewModel.swift in Sources */ = {isa = PBXBuildFile; fileRef = 60F81471298F032900E4C8CA /* LoginViewModel.swift */; };
/* End PBXBuildFile section */

/* Begin PBXFileReference section */
		606D3E31298FDE9400A29672 /* RegisterViewController.swift */ = {isa = PBXFileReference; lastKnownFileType = sourcecode.swift; path = RegisterViewController.swift; sourceTree = "<group>"; };
		606D3E33298FE59A00A29672 /* RegisterViewModel.swift */ = {isa = PBXFileReference; lastKnownFileType = sourcecode.swift; path = RegisterViewModel.swift; sourceTree = "<group>"; };
		606D3E35298FF35800A29672 /* GoogleService-Info.plist */ = {isa = PBXFileReference; fileEncoding = 4; lastKnownFileType = text.plist.xml; path = "GoogleService-Info.plist"; sourceTree = "<group>"; };
		60872F4C2990FEE700D8833B /* AuthenticationService.swift */ = {isa = PBXFileReference; lastKnownFileType = sourcecode.swift; path = AuthenticationService.swift; sourceTree = "<group>"; };
		60872F50299107F300D8833B /* MainTabBarViewController.swift */ = {isa = PBXFileReference; lastKnownFileType = sourcecode.swift; path = MainTabBarViewController.swift; sourceTree = "<group>"; };
		60872F5529914B6800D8833B /* PastTaskViewController.swift */ = {isa = PBXFileReference; lastKnownFileType = sourcecode.swift; path = PastTaskViewController.swift; sourceTree = "<group>"; };
		60872F5729914B9200D8833B /* ProfileViewController.swift */ = {isa = PBXFileReference; lastKnownFileType = sourcecode.swift; path = ProfileViewController.swift; sourceTree = "<group>"; };
		60872F5929914BB300D8833B /* TaskViewController.swift */ = {isa = PBXFileReference; lastKnownFileType = sourcecode.swift; path = TaskViewController.swift; sourceTree = "<group>"; };
		60AE34682993E67D0070D469 /* TaskCell.swift */ = {isa = PBXFileReference; lastKnownFileType = sourcecode.swift; path = TaskCell.swift; sourceTree = "<group>"; };
		60AE346B2993E9A10070D469 /* User.swift */ = {isa = PBXFileReference; lastKnownFileType = sourcecode.swift; path = User.swift; sourceTree = "<group>"; };
		60CF621E2992EE24009AE158 /* NewsTaskViewController.swift */ = {isa = PBXFileReference; lastKnownFileType = sourcecode.swift; path = NewsTaskViewController.swift; sourceTree = "<group>"; };
		60CF62202992F92C009AE158 /* InputTextFields.swift */ = {isa = PBXFileReference; lastKnownFileType = sourcecode.swift; path = InputTextFields.swift; sourceTree = "<group>"; };
		60CF62222993172C009AE158 /* Service.swift */ = {isa = PBXFileReference; lastKnownFileType = sourcecode.swift; path = Service.swift; sourceTree = "<group>"; };
		60F8144F298EDFAC00E4C8CA /* To-do.app */ = {isa = PBXFileReference; explicitFileType = wrapper.application; includeInIndex = 0; path = "To-do.app"; sourceTree = BUILT_PRODUCTS_DIR; };
		60F81452298EDFAC00E4C8CA /* AppDelegate.swift */ = {isa = PBXFileReference; lastKnownFileType = sourcecode.swift; path = AppDelegate.swift; sourceTree = "<group>"; };
		60F81454298EDFAC00E4C8CA /* SceneDelegate.swift */ = {isa = PBXFileReference; lastKnownFileType = sourcecode.swift; path = SceneDelegate.swift; sourceTree = "<group>"; };
		60F81456298EDFAC00E4C8CA /* LoginViewController.swift */ = {isa = PBXFileReference; lastKnownFileType = sourcecode.swift; path = LoginViewController.swift; sourceTree = "<group>"; };
		60F8145B298EDFAD00E4C8CA /* Assets.xcassets */ = {isa = PBXFileReference; lastKnownFileType = folder.assetcatalog; path = Assets.xcassets; sourceTree = "<group>"; };
		60F8145E298EDFAD00E4C8CA /* Base */ = {isa = PBXFileReference; lastKnownFileType = file.storyboard; name = Base; path = Base.lproj/LaunchScreen.storyboard; sourceTree = "<group>"; };
		60F81460298EDFAD00E4C8CA /* Info.plist */ = {isa = PBXFileReference; lastKnownFileType = text.plist.xml; path = Info.plist; sourceTree = "<group>"; };
		60F81469298EE25700E4C8CA /* extensions.swift */ = {isa = PBXFileReference; lastKnownFileType = sourcecode.swift; path = extensions.swift; sourceTree = "<group>"; };
		60F8146C298EF6D500E4C8CA /* AuthenticationInputView.swift */ = {isa = PBXFileReference; lastKnownFileType = sourcecode.swift; path = AuthenticationInputView.swift; sourceTree = "<group>"; };
		60F8146E298EF77300E4C8CA /* CustomTextField.swift */ = {isa = PBXFileReference; lastKnownFileType = sourcecode.swift; path = CustomTextField.swift; sourceTree = "<group>"; };
		60F81471298F032900E4C8CA /* LoginViewModel.swift */ = {isa = PBXFileReference; lastKnownFileType = sourcecode.swift; path = LoginViewModel.swift; sourceTree = "<group>"; };
/* End PBXFileReference section */

/* Begin PBXFrameworksBuildPhase section */
		60F8144C298EDFAC00E4C8CA /* Frameworks */ = {
			isa = PBXFrameworksBuildPhase;
			buildActionMask = 2147483647;
			files = (
				606D3E3B298FF55600A29672 /* FirebaseDatabase in Frameworks */,
				606D3E3F298FF55600A29672 /* FirebaseStorage in Frameworks */,
				606D3E39298FF55600A29672 /* FirebaseAuth in Frameworks */,
				606D3E3D298FF55600A29672 /* FirebaseFirestore in Frameworks */,
				60872F542991250400D8833B /* JGProgressHUD in Frameworks */,
			);
			runOnlyForDeploymentPostprocessing = 0;
		};
/* End PBXFrameworksBuildPhase section */

/* Begin PBXGroup section */
		60872F4B2990FECE00D8833B /* Service */ = {
			isa = PBXGroup;
			children = (
				60872F4C2990FEE700D8833B /* AuthenticationService.swift */,
				60CF62222993172C009AE158 /* Service.swift */,
			);
			path = Service;
			sourceTree = "<group>";
		};
		60AE346A2993E99B0070D469 /* Model */ = {
			isa = PBXGroup;
			children = (
				60AE346B2993E9A10070D469 /* User.swift */,
			);
			path = Model;
			sourceTree = "<group>";
		};
		60F81446298EDFAC00E4C8CA = {
			isa = PBXGroup;
			children = (
				60F81451298EDFAC00E4C8CA /* To-do */,
				60F81450298EDFAC00E4C8CA /* Products */,
			);
			sourceTree = "<group>";
		};
		60F81450298EDFAC00E4C8CA /* Products */ = {
			isa = PBXGroup;
			children = (
				60F8144F298EDFAC00E4C8CA /* To-do.app */,
			);
			name = Products;
			sourceTree = "<group>";
		};
		60F81451298EDFAC00E4C8CA /* To-do */ = {
			isa = PBXGroup;
			children = (
				60AE346A2993E99B0070D469 /* Model */,
				60872F4B2990FECE00D8833B /* Service */,
				60F81470298EFED800E4C8CA /* View Model */,
				60F8146B298EF6C600E4C8CA /* View */,
				60F81468298EE23500E4C8CA /* Extensions */,
				60F81467298EE02300E4C8CA /* Files */,
				60F81466298EE01C00E4C8CA /* Controllers */,
				60F81460298EDFAD00E4C8CA /* Info.plist */,
				606D3E35298FF35800A29672 /* GoogleService-Info.plist */,
			);
			path = "To-do";
			sourceTree = "<group>";
		};
		60F81466298EE01C00E4C8CA /* Controllers */ = {
			isa = PBXGroup;
			children = (
				60872F5929914BB300D8833B /* TaskViewController.swift */,
				60F81456298EDFAC00E4C8CA /* LoginViewController.swift */,
				606D3E31298FDE9400A29672 /* RegisterViewController.swift */,
				60872F50299107F300D8833B /* MainTabBarViewController.swift */,
				60872F5729914B9200D8833B /* ProfileViewController.swift */,
				60872F5529914B6800D8833B /* PastTaskViewController.swift */,
				60CF621E2992EE24009AE158 /* NewsTaskViewController.swift */,
			);
			path = Controllers;
			sourceTree = "<group>";
		};
		60F81467298EE02300E4C8CA /* Files */ = {
			isa = PBXGroup;
			children = (
				60F8145B298EDFAD00E4C8CA /* Assets.xcassets */,
				60F8145D298EDFAD00E4C8CA /* LaunchScreen.storyboard */,
				60F81452298EDFAC00E4C8CA /* AppDelegate.swift */,
				60F81454298EDFAC00E4C8CA /* SceneDelegate.swift */,
			);
			path = Files;
			sourceTree = "<group>";
		};
		60F81468298EE23500E4C8CA /* Extensions */ = {
			isa = PBXGroup;
			children = (
				60F81469298EE25700E4C8CA /* extensions.swift */,
				60CF62202992F92C009AE158 /* InputTextFields.swift */,
			);
			path = Extensions;
			sourceTree = "<group>";
		};
		60F8146B298EF6C600E4C8CA /* View */ = {
			isa = PBXGroup;
			children = (
				60F8146C298EF6D500E4C8CA /* AuthenticationInputView.swift */,
				60F8146E298EF77300E4C8CA /* CustomTextField.swift */,
				60AE34682993E67D0070D469 /* TaskCell.swift */,
			);
			path = View;
			sourceTree = "<group>";
		};
		60F81470298EFED800E4C8CA /* View Model */ = {
			isa = PBXGroup;
			children = (
				60F81471298F032900E4C8CA /* LoginViewModel.swift */,
				606D3E33298FE59A00A29672 /* RegisterViewModel.swift */,
			);
			path = "View Model";
			sourceTree = "<group>";
		};
/* End PBXGroup section */

/* Begin PBXNativeTarget section */
		60F8144E298EDFAC00E4C8CA /* To-do */ = {
			isa = PBXNativeTarget;
			buildConfigurationList = 60F81463298EDFAD00E4C8CA /* Build configuration list for PBXNativeTarget "To-do" */;
			buildPhases = (
				60F8144B298EDFAC00E4C8CA /* Sources */,
				60F8144C298EDFAC00E4C8CA /* Frameworks */,
				60F8144D298EDFAC00E4C8CA /* Resources */,
			);
			buildRules = (
			);
			dependencies = (
			);
			name = "To-do";
			packageProductDependencies = (
				606D3E38298FF55600A29672 /* FirebaseAuth */,
				606D3E3A298FF55600A29672 /* FirebaseDatabase */,
				606D3E3C298FF55600A29672 /* FirebaseFirestore */,
				606D3E3E298FF55600A29672 /* FirebaseStorage */,
				60872F532991250400D8833B /* JGProgressHUD */,
			);
			productName = "To-do";
			productReference = 60F8144F298EDFAC00E4C8CA /* To-do.app */;
			productType = "com.apple.product-type.application";
		};
/* End PBXNativeTarget section */

/* Begin PBXProject section */
		60F81447298EDFAC00E4C8CA /* Project object */ = {
			isa = PBXProject;
			attributes = {
				BuildIndependentTargetsInParallel = 1;
				LastSwiftUpdateCheck = 1420;
				LastUpgradeCheck = 1420;
				TargetAttributes = {
					60F8144E298EDFAC00E4C8CA = {
						CreatedOnToolsVersion = 14.2;
					};
				};
			};
			buildConfigurationList = 60F8144A298EDFAC00E4C8CA /* Build configuration list for PBXProject "To-do" */;
			compatibilityVersion = "Xcode 14.0";
			developmentRegion = en;
			hasScannedForEncodings = 0;
			knownRegions = (
				en,
				Base,
			);
			mainGroup = 60F81446298EDFAC00E4C8CA;
			packageReferences = (
				606D3E37298FF55600A29672 /* XCRemoteSwiftPackageReference "firebase-ios-sdk" */,
				60872F522991250400D8833B /* XCRemoteSwiftPackageReference "JGProgressHUD" */,
			);
			productRefGroup = 60F81450298EDFAC00E4C8CA /* Products */;
			projectDirPath = "";
			projectRoot = "";
			targets = (
				60F8144E298EDFAC00E4C8CA /* To-do */,
			);
		};
/* End PBXProject section */

/* Begin PBXResourcesBuildPhase section */
		60F8144D298EDFAC00E4C8CA /* Resources */ = {
			isa = PBXResourcesBuildPhase;
			buildActionMask = 2147483647;
			files = (
				60F8145F298EDFAD00E4C8CA /* LaunchScreen.storyboard in Resources */,
				60F8145C298EDFAD00E4C8CA /* Assets.xcassets in Resources */,
				606D3E36298FF35800A29672 /* GoogleService-Info.plist in Resources */,
			);
			runOnlyForDeploymentPostprocessing = 0;
		};
/* End PBXResourcesBuildPhase section */

/* Begin PBXSourcesBuildPhase section */
		60F8144B298EDFAC00E4C8CA /* Sources */ = {
			isa = PBXSourcesBuildPhase;
			buildActionMask = 2147483647;
			files = (
				60F81457298EDFAC00E4C8CA /* LoginViewController.swift in Sources */,
				60872F5A29914BB300D8833B /* TaskViewController.swift in Sources */,
				60872F51299107F300D8833B /* MainTabBarViewController.swift in Sources */,
				60F81453298EDFAC00E4C8CA /* AppDelegate.swift in Sources */,
				60F8146F298EF77300E4C8CA /* CustomTextField.swift in Sources */,
				606D3E32298FDE9400A29672 /* RegisterViewController.swift in Sources */,
				60F81455298EDFAC00E4C8CA /* SceneDelegate.swift in Sources */,
				60F8146D298EF6D500E4C8CA /* AuthenticationInputView.swift in Sources */,
				60F8146A298EE25700E4C8CA /* extensions.swift in Sources */,
				606D3E34298FE59A00A29672 /* RegisterViewModel.swift in Sources */,
				60872F5629914B6800D8833B /* PastTaskViewController.swift in Sources */,
				60CF62232993172C009AE158 /* Service.swift in Sources */,
				60872F5829914B9200D8833B /* ProfileViewController.swift in Sources */,
				60CF62212992F92C009AE158 /* InputTextFields.swift in Sources */,
				60CF621F2992EE24009AE158 /* NewsTaskViewController.swift in Sources */,
				60F81472298F032900E4C8CA /* LoginViewModel.swift in Sources */,
				60AE34692993E67D0070D469 /* TaskCell.swift in Sources */,
				60872F4D2990FEE700D8833B /* AuthenticationService.swift in Sources */,
				60AE346C2993E9A10070D469 /* User.swift in Sources */,
			);
			runOnlyForDeploymentPostprocessing = 0;
		};
/* End PBXSourcesBuildPhase section */

/* Begin PBXVariantGroup section */
		60F8145D298EDFAD00E4C8CA /* LaunchScreen.storyboard */ = {
			isa = PBXVariantGroup;
			children = (
				60F8145E298EDFAD00E4C8CA /* Base */,
			);
			name = LaunchScreen.storyboard;
			sourceTree = "<group>";
		};
/* End PBXVariantGroup section */

/* Begin XCBuildConfiguration section */
		60F81461298EDFAD00E4C8CA /* Debug */ = {
			isa = XCBuildConfiguration;
			buildSettings = {
				ALWAYS_SEARCH_USER_PATHS = NO;
				CLANG_ANALYZER_NONNULL = YES;
				CLANG_ANALYZER_NUMBER_OBJECT_CONVERSION = YES_AGGRESSIVE;
				CLANG_CXX_LANGUAGE_STANDARD = "gnu++20";
				CLANG_ENABLE_MODULES = YES;
				CLANG_ENABLE_OBJC_ARC = YES;
				CLANG_ENABLE_OBJC_WEAK = YES;
				CLANG_WARN_BLOCK_CAPTURE_AUTORELEASING = YES;
				CLANG_WARN_BOOL_CONVERSION = YES;
				CLANG_WARN_COMMA = YES;
				CLANG_WARN_CONSTANT_CONVERSION = YES;
				CLANG_WARN_DEPRECATED_OBJC_IMPLEMENTATIONS = YES;
				CLANG_WARN_DIRECT_OBJC_ISA_USAGE = YES_ERROR;
				CLANG_WARN_DOCUMENTATION_COMMENTS = YES;
				CLANG_WARN_EMPTY_BODY = YES;
				CLANG_WARN_ENUM_CONVERSION = YES;
				CLANG_WARN_INFINITE_RECURSION = YES;
				CLANG_WARN_INT_CONVERSION = YES;
				CLANG_WARN_NON_LITERAL_NULL_CONVERSION = YES;
				CLANG_WARN_OBJC_IMPLICIT_RETAIN_SELF = YES;
				CLANG_WARN_OBJC_LITERAL_CONVERSION = YES;
				CLANG_WARN_OBJC_ROOT_CLASS = YES_ERROR;
				CLANG_WARN_QUOTED_INCLUDE_IN_FRAMEWORK_HEADER = YES;
				CLANG_WARN_RANGE_LOOP_ANALYSIS = YES;
				CLANG_WARN_STRICT_PROTOTYPES = YES;
				CLANG_WARN_SUSPICIOUS_MOVE = YES;
				CLANG_WARN_UNGUARDED_AVAILABILITY = YES_AGGRESSIVE;
				CLANG_WARN_UNREACHABLE_CODE = YES;
				CLANG_WARN__DUPLICATE_METHOD_MATCH = YES;
				COPY_PHASE_STRIP = NO;
				DEBUG_INFORMATION_FORMAT = dwarf;
				ENABLE_STRICT_OBJC_MSGSEND = YES;
				ENABLE_TESTABILITY = YES;
				GCC_C_LANGUAGE_STANDARD = gnu11;
				GCC_DYNAMIC_NO_PIC = NO;
				GCC_NO_COMMON_BLOCKS = YES;
				GCC_OPTIMIZATION_LEVEL = 0;
				GCC_PREPROCESSOR_DEFINITIONS = (
					"DEBUG=1",
					"$(inherited)",
				);
				GCC_WARN_64_TO_32_BIT_CONVERSION = YES;
				GCC_WARN_ABOUT_RETURN_TYPE = YES_ERROR;
				GCC_WARN_UNDECLARED_SELECTOR = YES;
				GCC_WARN_UNINITIALIZED_AUTOS = YES_AGGRESSIVE;
				GCC_WARN_UNUSED_FUNCTION = YES;
				GCC_WARN_UNUSED_VARIABLE = YES;
				IPHONEOS_DEPLOYMENT_TARGET = 16.2;
				MTL_ENABLE_DEBUG_INFO = INCLUDE_SOURCE;
				MTL_FAST_MATH = YES;
				ONLY_ACTIVE_ARCH = YES;
				SDKROOT = iphoneos;
				SWIFT_ACTIVE_COMPILATION_CONDITIONS = DEBUG;
				SWIFT_OPTIMIZATION_LEVEL = "-Onone";
			};
			name = Debug;
		};
		60F81462298EDFAD00E4C8CA /* Release */ = {
			isa = XCBuildConfiguration;
			buildSettings = {
				ALWAYS_SEARCH_USER_PATHS = NO;
				CLANG_ANALYZER_NONNULL = YES;
				CLANG_ANALYZER_NUMBER_OBJECT_CONVERSION = YES_AGGRESSIVE;
				CLANG_CXX_LANGUAGE_STANDARD = "gnu++20";
				CLANG_ENABLE_MODULES = YES;
				CLANG_ENABLE_OBJC_ARC = YES;
				CLANG_ENABLE_OBJC_WEAK = YES;
				CLANG_WARN_BLOCK_CAPTURE_AUTORELEASING = YES;
				CLANG_WARN_BOOL_CONVERSION = YES;
				CLANG_WARN_COMMA = YES;
				CLANG_WARN_CONSTANT_CONVERSION = YES;
				CLANG_WARN_DEPRECATED_OBJC_IMPLEMENTATIONS = YES;
				CLANG_WARN_DIRECT_OBJC_ISA_USAGE = YES_ERROR;
				CLANG_WARN_DOCUMENTATION_COMMENTS = YES;
				CLANG_WARN_EMPTY_BODY = YES;
				CLANG_WARN_ENUM_CONVERSION = YES;
				CLANG_WARN_INFINITE_RECURSION = YES;
				CLANG_WARN_INT_CONVERSION = YES;
				CLANG_WARN_NON_LITERAL_NULL_CONVERSION = YES;
				CLANG_WARN_OBJC_IMPLICIT_RETAIN_SELF = YES;
				CLANG_WARN_OBJC_LITERAL_CONVERSION = YES;
				CLANG_WARN_OBJC_ROOT_CLASS = YES_ERROR;
				CLANG_WARN_QUOTED_INCLUDE_IN_FRAMEWORK_HEADER = YES;
				CLANG_WARN_RANGE_LOOP_ANALYSIS = YES;
				CLANG_WARN_STRICT_PROTOTYPES = YES;
				CLANG_WARN_SUSPICIOUS_MOVE = YES;
				CLANG_WARN_UNGUARDED_AVAILABILITY = YES_AGGRESSIVE;
				CLANG_WARN_UNREACHABLE_CODE = YES;
				CLANG_WARN__DUPLICATE_METHOD_MATCH = YES;
				COPY_PHASE_STRIP = NO;
				DEBUG_INFORMATION_FORMAT = "dwarf-with-dsym";
				ENABLE_NS_ASSERTIONS = NO;
				ENABLE_STRICT_OBJC_MSGSEND = YES;
				GCC_C_LANGUAGE_STANDARD = gnu11;
				GCC_NO_COMMON_BLOCKS = YES;
				GCC_WARN_64_TO_32_BIT_CONVERSION = YES;
				GCC_WARN_ABOUT_RETURN_TYPE = YES_ERROR;
				GCC_WARN_UNDECLARED_SELECTOR = YES;
				GCC_WARN_UNINITIALIZED_AUTOS = YES_AGGRESSIVE;
				GCC_WARN_UNUSED_FUNCTION = YES;
				GCC_WARN_UNUSED_VARIABLE = YES;
				IPHONEOS_DEPLOYMENT_TARGET = 16.2;
				MTL_ENABLE_DEBUG_INFO = NO;
				MTL_FAST_MATH = YES;
				SDKROOT = iphoneos;
				SWIFT_COMPILATION_MODE = wholemodule;
				SWIFT_OPTIMIZATION_LEVEL = "-O";
				VALIDATE_PRODUCT = YES;
			};
			name = Release;
		};
		60F81464298EDFAD00E4C8CA /* Debug */ = {
			isa = XCBuildConfiguration;
			buildSettings = {
				ASSETCATALOG_COMPILER_APPICON_NAME = AppIcon;
				ASSETCATALOG_COMPILER_GLOBAL_ACCENT_COLOR_NAME = AccentColor;
				CODE_SIGN_STYLE = Automatic;
				CURRENT_PROJECT_VERSION = 1;
				DEVELOPMENT_TEAM = WL3K4A7DH8;
				GENERATE_INFOPLIST_FILE = YES;
				INFOPLIST_FILE = "To-do/Info.plist";
				INFOPLIST_KEY_UIApplicationSupportsIndirectInputEvents = YES;
				INFOPLIST_KEY_UILaunchStoryboardName = LaunchScreen;
				INFOPLIST_KEY_UISupportedInterfaceOrientations_iPad = "UIInterfaceOrientationPortrait UIInterfaceOrientationPortraitUpsideDown UIInterfaceOrientationLandscapeLeft UIInterfaceOrientationLandscapeRight";
				INFOPLIST_KEY_UISupportedInterfaceOrientations_iPhone = "UIInterfaceOrientationPortrait UIInterfaceOrientationLandscapeLeft UIInterfaceOrientationLandscapeRight";
				IPHONEOS_DEPLOYMENT_TARGET = 15.0;
				LD_RUNPATH_SEARCH_PATHS = (
					"$(inherited)",
					"@executable_path/Frameworks",
				);
				MARKETING_VERSION = 1.0;
				PRODUCT_BUNDLE_IDENTIFIER = "com.barisdilekci.To-do";
				PRODUCT_NAME = "$(TARGET_NAME)";
				SWIFT_EMIT_LOC_STRINGS = YES;
				SWIFT_VERSION = 5.0;
				TARGETED_DEVICE_FAMILY = "1,2";
			};
			name = Debug;
		};
		60F81465298EDFAD00E4C8CA /* Release */ = {
			isa = XCBuildConfiguration;
			buildSettings = {
				ASSETCATALOG_COMPILER_APPICON_NAME = AppIcon;
				ASSETCATALOG_COMPILER_GLOBAL_ACCENT_COLOR_NAME = AccentColor;
				CODE_SIGN_STYLE = Automatic;
				CURRENT_PROJECT_VERSION = 1;
				DEVELOPMENT_TEAM = WL3K4A7DH8;
				GENERATE_INFOPLIST_FILE = YES;
				INFOPLIST_FILE = "To-do/Info.plist";
				INFOPLIST_KEY_UIApplicationSupportsIndirectInputEvents = YES;
				INFOPLIST_KEY_UILaunchStoryboardName = LaunchScreen;
				INFOPLIST_KEY_UISupportedInterfaceOrientations_iPad = "UIInterfaceOrientationPortrait UIInterfaceOrientationPortraitUpsideDown UIInterfaceOrientationLandscapeLeft UIInterfaceOrientationLandscapeRight";
				INFOPLIST_KEY_UISupportedInterfaceOrientations_iPhone = "UIInterfaceOrientationPortrait UIInterfaceOrientationLandscapeLeft UIInterfaceOrientationLandscapeRight";
				IPHONEOS_DEPLOYMENT_TARGET = 15.0;
				LD_RUNPATH_SEARCH_PATHS = (
					"$(inherited)",
					"@executable_path/Frameworks",
				);
				MARKETING_VERSION = 1.0;
				PRODUCT_BUNDLE_IDENTIFIER = "com.barisdilekci.To-do";
				PRODUCT_NAME = "$(TARGET_NAME)";
				SWIFT_EMIT_LOC_STRINGS = YES;
				SWIFT_VERSION = 5.0;
				TARGETED_DEVICE_FAMILY = "1,2";
			};
			name = Release;
		};
/* End XCBuildConfiguration section */

/* Begin XCConfigurationList section */
		60F8144A298EDFAC00E4C8CA /* Build configuration list for PBXProject "To-do" */ = {
			isa = XCConfigurationList;
			buildConfigurations = (
				60F81461298EDFAD00E4C8CA /* Debug */,
				60F81462298EDFAD00E4C8CA /* Release */,
			);
			defaultConfigurationIsVisible = 0;
			defaultConfigurationName = Release;
		};
		60F81463298EDFAD00E4C8CA /* Build configuration list for PBXNativeTarget "To-do" */ = {
			isa = XCConfigurationList;
			buildConfigurations = (
				60F81464298EDFAD00E4C8CA /* Debug */,
				60F81465298EDFAD00E4C8CA /* Release */,
			);
			defaultConfigurationIsVisible = 0;
			defaultConfigurationName = Release;
		};
/* End XCConfigurationList section */

/* Begin XCRemoteSwiftPackageReference section */
		606D3E37298FF55600A29672 /* XCRemoteSwiftPackageReference "firebase-ios-sdk" */ = {
			isa = XCRemoteSwiftPackageReference;
			repositoryURL = "https://github.com/firebase/firebase-ios-sdk";
			requirement = {
				branch = master;
				kind = branch;
			};
		};
		60872F522991250400D8833B /* XCRemoteSwiftPackageReference "JGProgressHUD" */ = {
			isa = XCRemoteSwiftPackageReference;
			repositoryURL = "https://github.com/JonasGessner/JGProgressHUD.git";
			requirement = {
				branch = master;
				kind = branch;
			};
		};
/* End XCRemoteSwiftPackageReference section */

/* Begin XCSwiftPackageProductDependency section */
		606D3E38298FF55600A29672 /* FirebaseAuth */ = {
			isa = XCSwiftPackageProductDependency;
			package = 606D3E37298FF55600A29672 /* XCRemoteSwiftPackageReference "firebase-ios-sdk" */;
			productName = FirebaseAuth;
		};
		606D3E3A298FF55600A29672 /* FirebaseDatabase */ = {
			isa = XCSwiftPackageProductDependency;
			package = 606D3E37298FF55600A29672 /* XCRemoteSwiftPackageReference "firebase-ios-sdk" */;
			productName = FirebaseDatabase;
		};
		606D3E3C298FF55600A29672 /* FirebaseFirestore */ = {
			isa = XCSwiftPackageProductDependency;
			package = 606D3E37298FF55600A29672 /* XCRemoteSwiftPackageReference "firebase-ios-sdk" */;
			productName = FirebaseFirestore;
		};
		606D3E3E298FF55600A29672 /* FirebaseStorage */ = {
			isa = XCSwiftPackageProductDependency;
			package = 606D3E37298FF55600A29672 /* XCRemoteSwiftPackageReference "firebase-ios-sdk" */;
			productName = FirebaseStorage;
		};
		60872F532991250400D8833B /* JGProgressHUD */ = {
			isa = XCSwiftPackageProductDependency;
			package = 60872F522991250400D8833B /* XCRemoteSwiftPackageReference "JGProgressHUD" */;
			productName = JGProgressHUD;
		};
/* End XCSwiftPackageProductDependency section */
	};
	rootObject = 60F81447298EDFAC00E4C8CA /* Project object */;
}
